PODS:
  - FCUUID (1.1.5):
    - UICKeyChainStore (~> 1.0.5)
  - MBProgressHUD (0.9.2)
  - RDVTabBarControllerSwift (0.1.1)
  - SDWebImage (4.0.0):
    - SDWebImage/Core (= 4.0.0)
  - SDWebImage/Core (4.0.0)
  - SSKeychain (1.4.1)
  - UICKeyChainStore (1.0.5)

DEPENDENCIES:
  - FCUUID (~> 1.1.4)
  - MBProgressHUD (~> 0.9.1)
  - RDVTabBarControllerSwift
  - SDWebImage (~> 4.0.0)
  - SSKeychain

SPEC CHECKSUMS:
  FCUUID: a9108673d64a4585a4bb89ea5d4c69b002edadb3
  MBProgressHUD: 1569cf7ace17a8bac47aabfbb8580a49690386d1
  RDVTabBarControllerSwift: cc58435fdebed06471b742ea8950a8e7b9a36591
  SDWebImage: 76a6348bdc74eb5a55dd08a091ef298e56b55e41
  SSKeychain: 55cc80f66f5c73da827e3077f02e43528897db41
  UICKeyChainStore: e81dc3b58d56ffaed61ab6669eb97071e53fc377

PODFILE CHECKSUM: fa7aa65a4efac5c77433a295cfc132ec5c36b6b1

COCOAPODS: 1.0.1
