// !$*UTF8*$!
{
	archiveVersion = 1;
	classes = {
	};
	objectVersion = 46;
	objects = {

/* Begin PBXBuildFile section */
		7DDFAA8601BADFEF0608AA65 /* Pods_weiboUITests.framework in Frameworks */ = {isa = PBXBuildFile; fileRef = AB2F86A297F5B5A29B1A4E02 /* Pods_weiboUITests.framework */; };
		B6602A5F1E641BCA00A8197B /* DTViewController.swift in Sources */ = {isa = PBXBuildFile; fileRef = B6602A5E1E641BCA00A8197B /* DTViewController.swift */; };
		B6602A611E641BEE00A8197B /* DTRootViewController.swift in Sources */ = {isa = PBXBuildFile; fileRef = B6602A601E641BEE00A8197B /* DTRootViewController.swift */; };
		B6FD0A7A1E602A2900DAB8D2 /* AppDelegate.swift in Sources */ = {isa = PBXBuildFile; fileRef = B6FD0A791E602A2900DAB8D2 /* AppDelegate.swift */; };
		B6FD0A7C1E602A2900DAB8D2 /* ViewController.swift in Sources */ = {isa = PBXBuildFile; fileRef = B6FD0A7B1E602A2900DAB8D2 /* ViewController.swift */; };
		B6FD0A811E602A2900DAB8D2 /* Assets.xcassets in Resources */ = {isa = PBXBuildFile; fileRef = B6FD0A801E602A2900DAB8D2 /* Assets.xcassets */; };
		B6FD0A841E602A2900DAB8D2 /* LaunchScreen.storyboard in Resources */ = {isa = PBXBuildFile; fileRef = B6FD0A821E602A2900DAB8D2 /* LaunchScreen.storyboard */; };
		B6FD0A8F1E602A2900DAB8D2 /* weiboTests.swift in Sources */ = {isa = PBXBuildFile; fileRef = B6FD0A8E1E602A2900DAB8D2 /* weiboTests.swift */; };
		B6FD0A9A1E602A2900DAB8D2 /* weiboUITests.swift in Sources */ = {isa = PBXBuildFile; fileRef = B6FD0A991E602A2900DAB8D2 /* weiboUITests.swift */; };
		BEB36EAA37747AC2D708B9EF /* Pods_weibo.framework in Frameworks */ = {isa = PBXBuildFile; fileRef = 44D54A8C3F493D5DFB4D3B9E /* Pods_weibo.framework */; };
		ECC326C5DCD3934FD989BCB1 /* Pods_weiboTests.framework in Frameworks */ = {isa = PBXBuildFile; fileRef = C5F6A546240F0266C26778E2 /* Pods_weiboTests.framework */; };
/* End PBXBuildFile section */

/* Begin PBXContainerItemProxy section */
		B6FD0A8B1E602A2900DAB8D2 /* PBXContainerItemProxy */ = {
			isa = PBXContainerItemProxy;
			containerPortal = B6FD0A6E1E602A2900DAB8D2 /* Project object */;
			proxyType = 1;
			remoteGlobalIDString = B6FD0A751E602A2900DAB8D2;
			remoteInfo = weibo;
		};
		B6FD0A961E602A2900DAB8D2 /* PBXContainerItemProxy */ = {
			isa = PBXContainerItemProxy;
			containerPortal = B6FD0A6E1E602A2900DAB8D2 /* Project object */;
			proxyType = 1;
			remoteGlobalIDString = B6FD0A751E602A2900DAB8D2;
			remoteInfo = weibo;
		};
/* End PBXContainerItemProxy section */

/* Begin PBXFileReference section */
		186CEF89AD72A3E7B9A36239 /* Pods-weiboTests.debug.xcconfig */ = {isa = PBXFileReference; includeInIndex = 1; lastKnownFileType = text.xcconfig; name = "Pods-weiboTests.debug.xcconfig"; path = "Pods/Target Support Files/Pods-weiboTests/Pods-weiboTests.debug.xcconfig"; sourceTree = "<group>"; };
		254F387D794557305F33F17F /* Pods-weiboTests.release.xcconfig */ = {isa = PBXFileReference; includeInIndex = 1; lastKnownFileType = text.xcconfig; name = "Pods-weiboTests.release.xcconfig"; path = "Pods/Target Support Files/Pods-weiboTests/Pods-weiboTests.release.xcconfig"; sourceTree = "<group>"; };
		44D54A8C3F493D5DFB4D3B9E /* Pods_weibo.framework */ = {isa = PBXFileReference; explicitFileType = wrapper.framework; includeInIndex = 0; path = Pods_weibo.framework; sourceTree = BUILT_PRODUCTS_DIR; };
		51326D7E9A88C9080CB5A23C /* Pods-weibo.release.xcconfig */ = {isa = PBXFileReference; includeInIndex = 1; lastKnownFileType = text.xcconfig; name = "Pods-weibo.release.xcconfig"; path = "Pods/Target Support Files/Pods-weibo/Pods-weibo.release.xcconfig"; sourceTree = "<group>"; };
		59FE4789F76042082064AC62 /* Pods-weibo.debug.xcconfig */ = {isa = PBXFileReference; includeInIndex = 1; lastKnownFileType = text.xcconfig; name = "Pods-weibo.debug.xcconfig"; path = "Pods/Target Support Files/Pods-weibo/Pods-weibo.debug.xcconfig"; sourceTree = "<group>"; };
		A9BF9E2B0407A55DF6A7B5F6 /* Pods-weiboUITests.release.xcconfig */ = {isa = PBXFileReference; includeInIndex = 1; lastKnownFileType = text.xcconfig; name = "Pods-weiboUITests.release.xcconfig"; path = "Pods/Target Support Files/Pods-weiboUITests/Pods-weiboUITests.release.xcconfig"; sourceTree = "<group>"; };
		AB2F86A297F5B5A29B1A4E02 /* Pods_weiboUITests.framework */ = {isa = PBXFileReference; explicitFileType = wrapper.framework; includeInIndex = 0; path = Pods_weiboUITests.framework; sourceTree = BUILT_PRODUCTS_DIR; };
		B35BE8F42A932FD16ECB66F7 /* Pods-weiboUITests.debug.xcconfig */ = {isa = PBXFileReference; includeInIndex = 1; lastKnownFileType = text.xcconfig; name = "Pods-weiboUITests.debug.xcconfig"; path = "Pods/Target Support Files/Pods-weiboUITests/Pods-weiboUITests.debug.xcconfig"; sourceTree = "<group>"; };
		B6602A5E1E641BCA00A8197B /* DTViewController.swift */ = {isa = PBXFileReference; fileEncoding = 4; lastKnownFileType = sourcecode.swift; path = DTViewController.swift; sourceTree = "<group>"; };
		B6602A601E641BEE00A8197B /* DTRootViewController.swift */ = {isa = PBXFileReference; fileEncoding = 4; lastKnownFileType = sourcecode.swift; path = DTRootViewController.swift; sourceTree = "<group>"; };
		B6FD0A761E602A2900DAB8D2 /* weibo.app */ = {isa = PBXFileReference; explicitFileType = wrapper.application; includeInIndex = 0; path = weibo.app; sourceTree = BUILT_PRODUCTS_DIR; };
		B6FD0A791E602A2900DAB8D2 /* AppDelegate.swift */ = {isa = PBXFileReference; lastKnownFileType = sourcecode.swift; path = AppDelegate.swift; sourceTree = "<group>"; };
		B6FD0A7B1E602A2900DAB8D2 /* ViewController.swift */ = {isa = PBXFileReference; lastKnownFileType = sourcecode.swift; path = ViewController.swift; sourceTree = "<group>"; };
		B6FD0A801E602A2900DAB8D2 /* Assets.xcassets */ = {isa = PBXFileReference; lastKnownFileType = folder.assetcatalog; path = Assets.xcassets; sourceTree = "<group>"; };
		B6FD0A831E602A2900DAB8D2 /* Base */ = {isa = PBXFileReference; lastKnownFileType = file.storyboard; name = Base; path = Base.lproj/LaunchScreen.storyboard; sourceTree = "<group>"; };
		B6FD0A851E602A2900DAB8D2 /* Info.plist */ = {isa = PBXFileReference; lastKnownFileType = text.plist.xml; path = Info.plist; sourceTree = "<group>"; };
		B6FD0A8A1E602A2900DAB8D2 /* weiboTests.xctest */ = {isa = PBXFileReference; explicitFileType = wrapper.cfbundle; includeInIndex = 0; path = weiboTests.xctest; sourceTree = BUILT_PRODUCTS_DIR; };
		B6FD0A8E1E602A2900DAB8D2 /* weiboTests.swift */ = {isa = PBXFileReference; lastKnownFileType = sourcecode.swift; path = weiboTests.swift; sourceTree = "<group>"; };
		B6FD0A901E602A2900DAB8D2 /* Info.plist */ = {isa = PBXFileReference; lastKnownFileType = text.plist.xml; path = Info.plist; sourceTree = "<group>"; };
		B6FD0A951E602A2900DAB8D2 /* weiboUITests.xctest */ = {isa = PBXFileReference; explicitFileType = wrapper.cfbundle; includeInIndex = 0; path = weiboUITests.xctest; sourceTree = BUILT_PRODUCTS_DIR; };
		B6FD0A991E602A2900DAB8D2 /* weiboUITests.swift */ = {isa = PBXFileReference; lastKnownFileType = sourcecode.swift; path = weiboUITests.swift; sourceTree = "<group>"; };
		B6FD0A9B1E602A2900DAB8D2 /* Info.plist */ = {isa = PBXFileReference; lastKnownFileType = text.plist.xml; path = Info.plist; sourceTree = "<group>"; };
		C5F6A546240F0266C26778E2 /* Pods_weiboTests.framework */ = {isa = PBXFileReference; explicitFileType = wrapper.framework; includeInIndex = 0; path = Pods_weiboTests.framework; sourceTree = BUILT_PRODUCTS_DIR; };
/* End PBXFileReference section */

/* Begin PBXFrameworksBuildPhase section */
		B6FD0A731E602A2900DAB8D2 /* Frameworks */ = {
			isa = PBXFrameworksBuildPhase;
			buildActionMask = 2147483647;
			files = (
				BEB36EAA37747AC2D708B9EF /* Pods_weibo.framework in Frameworks */,
			);
			runOnlyForDeploymentPostprocessing = 0;
		};
		B6FD0A871E602A2900DAB8D2 /* Frameworks */ = {
			isa = PBXFrameworksBuildPhase;
			buildActionMask = 2147483647;
			files = (
				ECC326C5DCD3934FD989BCB1 /* Pods_weiboTests.framework in Frameworks */,
			);
			runOnlyForDeploymentPostprocessing = 0;
		};
		B6FD0A921E602A2900DAB8D2 /* Frameworks */ = {
			isa = PBXFrameworksBuildPhase;
			buildActionMask = 2147483647;
			files = (
				7DDFAA8601BADFEF0608AA65 /* Pods_weiboUITests.framework in Frameworks */,
			);
			runOnlyForDeploymentPostprocessing = 0;
		};
/* End PBXFrameworksBuildPhase section */

/* Begin PBXGroup section */
		8FC0FB7958C34E3A2ECEB97B /* Pods */ = {
			isa = PBXGroup;
			children = (
				59FE4789F76042082064AC62 /* Pods-weibo.debug.xcconfig */,
				51326D7E9A88C9080CB5A23C /* Pods-weibo.release.xcconfig */,
				186CEF89AD72A3E7B9A36239 /* Pods-weiboTests.debug.xcconfig */,
				254F387D794557305F33F17F /* Pods-weiboTests.release.xcconfig */,
				B35BE8F42A932FD16ECB66F7 /* Pods-weiboUITests.debug.xcconfig */,
				A9BF9E2B0407A55DF6A7B5F6 /* Pods-weiboUITests.release.xcconfig */,
			);
			name = Pods;
			sourceTree = "<group>";
		};
		A95F52E466B86D6ED51903DE /* Frameworks */ = {
			isa = PBXGroup;
			children = (
				44D54A8C3F493D5DFB4D3B9E /* Pods_weibo.framework */,
				C5F6A546240F0266C26778E2 /* Pods_weiboTests.framework */,
				AB2F86A297F5B5A29B1A4E02 /* Pods_weiboUITests.framework */,
			);
			name = Frameworks;
			sourceTree = "<group>";
		};
		B6602A571E641AA000A8197B /* Components */ = {
			isa = PBXGroup;
			children = (
			);
			name = Components;
			sourceTree = "<group>";
		};
		B6602A581E641AAB00A8197B /* AppDelegate */ = {
			isa = PBXGroup;
			children = (
				B6FD0A791E602A2900DAB8D2 /* AppDelegate.swift */,
				B6FD0A7B1E602A2900DAB8D2 /* ViewController.swift */,
				B6602A601E641BEE00A8197B /* DTRootViewController.swift */,
				B6FD0A801E602A2900DAB8D2 /* Assets.xcassets */,
				B6FD0A821E602A2900DAB8D2 /* LaunchScreen.storyboard */,
				B6FD0A851E602A2900DAB8D2 /* Info.plist */,
			);
			name = AppDelegate;
			sourceTree = "<group>";
		};
		B6602A591E641AB800A8197B /* Utils */ = {
			isa = PBXGroup;
			children = (
			);
			name = Utils;
			sourceTree = "<group>";
		};
		B6602A5A1E641ABB00A8197B /* Vendor */ = {
			isa = PBXGroup;
			children = (
			);
			name = Vendor;
			sourceTree = "<group>";
		};
		B6602A5B1E641AC100A8197B /* Macro */ = {
			isa = PBXGroup;
			children = (
			);
			name = Macro;
			sourceTree = "<group>";
		};
		B6602A5C1E641AE900A8197B /* Base */ = {
			isa = PBXGroup;
			children = (
				B6602A5E1E641BCA00A8197B /* DTViewController.swift */,
			);
			name = Base;
			sourceTree = "<group>";
		};
		B6602A5D1E641AF300A8197B /* Extension */ = {
			isa = PBXGroup;
			children = (
			);
			name = Extension;
			sourceTree = "<group>";
		};
		B6FD0A6D1E602A2900DAB8D2 = {
			isa = PBXGroup;
			children = (
				B6FD0A781E602A2900DAB8D2 /* weibo */,
				B6FD0A8D1E602A2900DAB8D2 /* weiboTests */,
				B6FD0A981E602A2900DAB8D2 /* weiboUITests */,
				B6FD0A771E602A2900DAB8D2 /* Products */,
				8FC0FB7958C34E3A2ECEB97B /* Pods */,
				A95F52E466B86D6ED51903DE /* Frameworks */,
			);
			sourceTree = "<group>";
		};
		B6FD0A771E602A2900DAB8D2 /* Products */ = {
			isa = PBXGroup;
			children = (
				B6FD0A761E602A2900DAB8D2 /* weibo.app */,
				B6FD0A8A1E602A2900DAB8D2 /* weiboTests.xctest */,
				B6FD0A951E602A2900DAB8D2 /* weiboUITests.xctest */,
			);
			name = Products;
			sourceTree = "<group>";
		};
		B6FD0A781E602A2900DAB8D2 /* weibo */ = {
			isa = PBXGroup;
			children = (
				B6602A581E641AAB00A8197B /* AppDelegate */,
				B6602A571E641AA000A8197B /* Components */,
				B6602A5B1E641AC100A8197B /* Macro */,
				B6602A5D1E641AF300A8197B /* Extension */,
				B6602A5A1E641ABB00A8197B /* Vendor */,
				B6602A591E641AB800A8197B /* Utils */,
				B6602A5C1E641AE900A8197B /* Base */,
			);
			path = weibo;
			sourceTree = "<group>";
		};
		B6FD0A8D1E602A2900DAB8D2 /* weiboTests */ = {
			isa = PBXGroup;
			children = (
				B6FD0A8E1E602A2900DAB8D2 /* weiboTests.swift */,
				B6FD0A901E602A2900DAB8D2 /* Info.plist */,
			);
			path = weiboTests;
			sourceTree = "<group>";
		};
		B6FD0A981E602A2900DAB8D2 /* weiboUITests */ = {
			isa = PBXGroup;
			children = (
				B6FD0A991E602A2900DAB8D2 /* weiboUITests.swift */,
				B6FD0A9B1E602A2900DAB8D2 /* Info.plist */,
			);
			path = weiboUITests;
			sourceTree = "<group>";
		};
/* End PBXGroup section */

/* Begin PBXNativeTarget section */
		B6FD0A751E602A2900DAB8D2 /* weibo */ = {
			isa = PBXNativeTarget;
			buildConfigurationList = B6FD0A9E1E602A2900DAB8D2 /* Build configuration list for PBXNativeTarget "weibo" */;
			buildPhases = (
				80BC3208DDF9F285FFF6259D /* [CP] Check Pods Manifest.lock */,
				B6FD0A721E602A2900DAB8D2 /* Sources */,
				B6FD0A731E602A2900DAB8D2 /* Frameworks */,
				B6FD0A741E602A2900DAB8D2 /* Resources */,
				4769C1677913B7142BF2E1FC /* [CP] Embed Pods Frameworks */,
				9566C8A73906508B8B1CC031 /* [CP] Copy Pods Resources */,
			);
			buildRules = (
			);
			dependencies = (
			);
			name = weibo;
			productName = weibo;
			productReference = B6FD0A761E602A2900DAB8D2 /* weibo.app */;
			productType = "com.apple.product-type.application";
		};
		B6FD0A891E602A2900DAB8D2 /* weiboTests */ = {
			isa = PBXNativeTarget;
			buildConfigurationList = B6FD0AA11E602A2900DAB8D2 /* Build configuration list for PBXNativeTarget "weiboTests" */;
			buildPhases = (
				5E2A5DB968229DB0DFB535A9 /* [CP] Check Pods Manifest.lock */,
				B6FD0A861E602A2900DAB8D2 /* Sources */,
				B6FD0A871E602A2900DAB8D2 /* Frameworks */,
				B6FD0A881E602A2900DAB8D2 /* Resources */,
				9DEED84857FEF39C47FB170F /* [CP] Embed Pods Frameworks */,
				DFDB4160004DE0E6B6CE9F48 /* [CP] Copy Pods Resources */,
			);
			buildRules = (
			);
			dependencies = (
				B6FD0A8C1E602A2900DAB8D2 /* PBXTargetDependency */,
			);
			name = weiboTests;
			productName = weiboTests;
			productReference = B6FD0A8A1E602A2900DAB8D2 /* weiboTests.xctest */;
			productType = "com.apple.product-type.bundle.unit-test";
		};
		B6FD0A941E602A2900DAB8D2 /* weiboUITests */ = {
			isa = PBXNativeTarget;
			buildConfigurationList = B6FD0AA41E602A2900DAB8D2 /* Build configuration list for PBXNativeTarget "weiboUITests" */;
			buildPhases = (
				A634713B91FC2BCF27993724 /* [CP] Check Pods Manifest.lock */,
				B6FD0A911E602A2900DAB8D2 /* Sources */,
				B6FD0A921E602A2900DAB8D2 /* Frameworks */,
				B6FD0A931E602A2900DAB8D2 /* Resources */,
				4A454E7E691324D0ECB6FC37 /* [CP] Copy Pods Resources */,
				E53259A7E590F509DB777E61 /* [CP] Embed Pods Frameworks */,
			);
			buildRules = (
			);
			dependencies = (
				B6FD0A971E602A2900DAB8D2 /* PBXTargetDependency */,
			);
			name = weiboUITests;
			productName = weiboUITests;
			productReference = B6FD0A951E602A2900DAB8D2 /* weiboUITests.xctest */;
			productType = "com.apple.product-type.bundle.ui-testing";
		};
/* End PBXNativeTarget section */

/* Begin PBXProject section */
		B6FD0A6E1E602A2900DAB8D2 /* Project object */ = {
			isa = PBXProject;
			attributes = {
				LastSwiftUpdateCheck = 0820;
				LastUpgradeCheck = 0820;
				ORGANIZATIONNAME = tianXin;
				TargetAttributes = {
					B6FD0A751E602A2900DAB8D2 = {
						CreatedOnToolsVersion = 8.2.1;
						DevelopmentTeam = P9VHF7G578;
						LastSwiftMigration = 0820;
						ProvisioningStyle = Automatic;
					};
					B6FD0A891E602A2900DAB8D2 = {
						CreatedOnToolsVersion = 8.2.1;
						DevelopmentTeam = NSP28TH28W;
						LastSwiftMigration = 0820;
						ProvisioningStyle = Automatic;
						TestTargetID = B6FD0A751E602A2900DAB8D2;
					};
					B6FD0A941E602A2900DAB8D2 = {
						CreatedOnToolsVersion = 8.2.1;
						DevelopmentTeam = NSP28TH28W;
						LastSwiftMigration = 0820;
						ProvisioningStyle = Automatic;
						TestTargetID = B6FD0A751E602A2900DAB8D2;
					};
				};
			};
			buildConfigurationList = B6FD0A711E602A2900DAB8D2 /* Build configuration list for PBXProject "weibo" */;
			compatibilityVersion = "Xcode 3.2";
			developmentRegion = English;
			hasScannedForEncodings = 0;
			knownRegions = (
				en,
				Base,
			);
			mainGroup = B6FD0A6D1E602A2900DAB8D2;
			productRefGroup = B6FD0A771E602A2900DAB8D2 /* Products */;
			projectDirPath = "";
			projectRoot = "";
			targets = (
				B6FD0A751E602A2900DAB8D2 /* weibo */,
				B6FD0A891E602A2900DAB8D2 /* weiboTests */,
				B6FD0A941E602A2900DAB8D2 /* weiboUITests */,
			);
		};
/* End PBXProject section */

/* Begin PBXResourcesBuildPhase section */
		B6FD0A741E602A2900DAB8D2 /* Resources */ = {
			isa = PBXResourcesBuildPhase;
			buildActionMask = 2147483647;
			files = (
				B6FD0A841E602A2900DAB8D2 /* LaunchScreen.storyboard in Resources */,
				B6FD0A811E602A2900DAB8D2 /* Assets.xcassets in Resources */,
			);
			runOnlyForDeploymentPostprocessing = 0;
		};
		B6FD0A881E602A2900DAB8D2 /* Resources */ = {
			isa = PBXResourcesBuildPhase;
			buildActionMask = 2147483647;
			files = (
			);
			runOnlyForDeploymentPostprocessing = 0;
		};
		B6FD0A931E602A2900DAB8D2 /* Resources */ = {
			isa = PBXResourcesBuildPhase;
			buildActionMask = 2147483647;
			files = (
			);
			runOnlyForDeploymentPostprocessing = 0;
		};
/* End PBXResourcesBuildPhase section */

/* Begin PBXShellScriptBuildPhase section */
		4769C1677913B7142BF2E1FC /* [CP] Embed Pods Frameworks */ = {
			isa = PBXShellScriptBuildPhase;
			buildActionMask = 2147483647;
			files = (
			);
			inputPaths = (
			);
			name = "[CP] Embed Pods Frameworks";
			outputPaths = (
			);
			runOnlyForDeploymentPostprocessing = 0;
			shellPath = /bin/sh;
			shellScript = "\"${SRCROOT}/Pods/Target Support Files/Pods-weibo/Pods-weibo-frameworks.sh\"\n";
			showEnvVarsInLog = 0;
		};
		4A454E7E691324D0ECB6FC37 /* [CP] Copy Pods Resources */ = {
			isa = PBXShellScriptBuildPhase;
			buildActionMask = 2147483647;
			files = (
			);
			inputPaths = (
			);
			name = "[CP] Copy Pods Resources";
			outputPaths = (
			);
			runOnlyForDeploymentPostprocessing = 0;
			shellPath = /bin/sh;
			shellScript = "\"${SRCROOT}/Pods/Target Support Files/Pods-weiboUITests/Pods-weiboUITests-resources.sh\"\n";
			showEnvVarsInLog = 0;
		};
		5E2A5DB968229DB0DFB535A9 /* [CP] Check Pods Manifest.lock */ = {
			isa = PBXShellScriptBuildPhase;
			buildActionMask = 2147483647;
			files = (
			);
			inputPaths = (
			);
			name = "[CP] Check Pods Manifest.lock";
			outputPaths = (
			);
			runOnlyForDeploymentPostprocessing = 0;
			shellPath = /bin/sh;
			shellScript = "diff \"${PODS_ROOT}/../Podfile.lock\" \"${PODS_ROOT}/Manifest.lock\" > /dev/null\nif [[ $? != 0 ]] ; then\n    cat << EOM\nerror: The sandbox is not in sync with the Podfile.lock. Run 'pod install' or update your CocoaPods installation.\nEOM\n    exit 1\nfi\n";
			showEnvVarsInLog = 0;
		};
		80BC3208DDF9F285FFF6259D /* [CP] Check Pods Manifest.lock */ = {
			isa = PBXShellScriptBuildPhase;
			buildActionMask = 2147483647;
			files = (
			);
			inputPaths = (
			);
			name = "[CP] Check Pods Manifest.lock";
			outputPaths = (
			);
			runOnlyForDeploymentPostprocessing = 0;
			shellPath = /bin/sh;
			shellScript = "diff \"${PODS_ROOT}/../Podfile.lock\" \"${PODS_ROOT}/Manifest.lock\" > /dev/null\nif [[ $? != 0 ]] ; then\n    cat << EOM\nerror: The sandbox is not in sync with the Podfile.lock. Run 'pod install' or update your CocoaPods installation.\nEOM\n    exit 1\nfi\n";
			showEnvVarsInLog = 0;
		};
		9566C8A73906508B8B1CC031 /* [CP] Copy Pods Resources */ = {
			isa = PBXShellScriptBuildPhase;
			buildActionMask = 2147483647;
			files = (
			);
			inputPaths = (
			);
			name = "[CP] Copy Pods Resources";
			outputPaths = (
			);
			runOnlyForDeploymentPostprocessing = 0;
			shellPath = /bin/sh;
			shellScript = "\"${SRCROOT}/Pods/Target Support Files/Pods-weibo/Pods-weibo-resources.sh\"\n";
			showEnvVarsInLog = 0;
		};
		9DEED84857FEF39C47FB170F /* [CP] Embed Pods Frameworks */ = {
			isa = PBXShellScriptBuildPhase;
			buildActionMask = 2147483647;
			files = (
			);
			inputPaths = (
			);
			name = "[CP] Embed Pods Frameworks";
			outputPaths = (
			);
			runOnlyForDeploymentPostprocessing = 0;
			shellPath = /bin/sh;
			shellScript = "\"${SRCROOT}/Pods/Target Support Files/Pods-weiboTests/Pods-weiboTests-frameworks.sh\"\n";
			showEnvVarsInLog = 0;
		};
		A634713B91FC2BCF27993724 /* [CP] Check Pods Manifest.lock */ = {
			isa = PBXShellScriptBuildPhase;
			buildActionMask = 2147483647;
			files = (
			);
			inputPaths = (
			);
			name = "[CP] Check Pods Manifest.lock";
			outputPaths = (
			);
			runOnlyForDeploymentPostprocessing = 0;
			shellPath = /bin/sh;
			shellScript = "diff \"${PODS_ROOT}/../Podfile.lock\" \"${PODS_ROOT}/Manifest.lock\" > /dev/null\nif [[ $? != 0 ]] ; then\n    cat << EOM\nerror: The sandbox is not in sync with the Podfile.lock. Run 'pod install' or update your CocoaPods installation.\nEOM\n    exit 1\nfi\n";
			showEnvVarsInLog = 0;
		};
		DFDB4160004DE0E6B6CE9F48 /* [CP] Copy Pods Resources */ = {
			isa = PBXShellScriptBuildPhase;
			buildActionMask = 2147483647;
			files = (
			);
			inputPaths = (
			);
			name = "[CP] Copy Pods Resources";
			outputPaths = (
			);
			runOnlyForDeploymentPostprocessing = 0;
			shellPath = /bin/sh;
			shellScript = "\"${SRCROOT}/Pods/Target Support Files/Pods-weiboTests/Pods-weiboTests-resources.sh\"\n";
			showEnvVarsInLog = 0;
		};
		E53259A7E590F509DB777E61 /* [CP] Embed Pods Frameworks */ = {
			isa = PBXShellScriptBuildPhase;
			buildActionMask = 2147483647;
			files = (
			);
			inputPaths = (
			);
			name = "[CP] Embed Pods Frameworks";
			outputPaths = (
			);
			runOnlyForDeploymentPostprocessing = 0;
			shellPath = /bin/sh;
			shellScript = "\"${SRCROOT}/Pods/Target Support Files/Pods-weiboUITests/Pods-weiboUITests-frameworks.sh\"\n";
			showEnvVarsInLog = 0;
		};
/* End PBXShellScriptBuildPhase section */

/* Begin PBXSourcesBuildPhase section */
		B6FD0A721E602A2900DAB8D2 /* Sources */ = {
			isa = PBXSourcesBuildPhase;
			buildActionMask = 2147483647;
			files = (
				B6602A611E641BEE00A8197B /* DTRootViewController.swift in Sources */,
				B6602A5F1E641BCA00A8197B /* DTViewController.swift in Sources */,
				B6FD0A7C1E602A2900DAB8D2 /* ViewController.swift in Sources */,
				B6FD0A7A1E602A2900DAB8D2 /* AppDelegate.swift in Sources */,
			);
			runOnlyForDeploymentPostprocessing = 0;
		};
		B6FD0A861E602A2900DAB8D2 /* Sources */ = {
			isa = PBXSourcesBuildPhase;
			buildActionMask = 2147483647;
			files = (
				B6FD0A8F1E602A2900DAB8D2 /* weiboTests.swift in Sources */,
			);
			runOnlyForDeploymentPostprocessing = 0;
		};
		B6FD0A911E602A2900DAB8D2 /* Sources */ = {
			isa = PBXSourcesBuildPhase;
			buildActionMask = 2147483647;
			files = (
				B6FD0A9A1E602A2900DAB8D2 /* weiboUITests.swift in Sources */,
			);
			runOnlyForDeploymentPostprocessing = 0;
		};
/* End PBXSourcesBuildPhase section */

/* Begin PBXTargetDependency section */
		B6FD0A8C1E602A2900DAB8D2 /* PBXTargetDependency */ = {
			isa = PBXTargetDependency;
			target = B6FD0A751E602A2900DAB8D2 /* weibo */;
			targetProxy = B6FD0A8B1E602A2900DAB8D2 /* PBXContainerItemProxy */;
		};
		B6FD0A971E602A2900DAB8D2 /* PBXTargetDependency */ = {
			isa = PBXTargetDependency;
			target = B6FD0A751E602A2900DAB8D2 /* weibo */;
			targetProxy = B6FD0A961E602A2900DAB8D2 /* PBXContainerItemProxy */;
		};
/* End PBXTargetDependency section */

/* Begin PBXVariantGroup section */
		B6FD0A821E602A2900DAB8D2 /* LaunchScreen.storyboard */ = {
			isa = PBXVariantGroup;
			children = (
				B6FD0A831E602A2900DAB8D2 /* Base */,
			);
			name = LaunchScreen.storyboard;
			sourceTree = "<group>";
		};
/* End PBXVariantGroup section */

/* Begin XCBuildConfiguration section */
		B6FD0A9C1E602A2900DAB8D2 /* Debug */ = {
			isa = XCBuildConfiguration;
			buildSettings = {
				ALWAYS_SEARCH_USER_PATHS = NO;
				CLANG_ANALYZER_NONNULL = YES;
				CLANG_CXX_LANGUAGE_STANDARD = "gnu++0x";
				CLANG_CXX_LIBRARY = "libc++";
				CLANG_ENABLE_MODULES = YES;
				CLANG_ENABLE_OBJC_ARC = YES;
				CLANG_WARN_BOOL_CONVERSION = YES;
				CLANG_WARN_CONSTANT_CONVERSION = YES;
				CLANG_WARN_DIRECT_OBJC_ISA_USAGE = YES_ERROR;
				CLANG_WARN_DOCUMENTATION_COMMENTS = YES;
				CLANG_WARN_EMPTY_BODY = YES;
				CLANG_WARN_ENUM_CONVERSION = YES;
				CLANG_WARN_INFINITE_RECURSION = YES;
				CLANG_WARN_INT_CONVERSION = YES;
				CLANG_WARN_OBJC_ROOT_CLASS = YES_ERROR;
				CLANG_WARN_SUSPICIOUS_MOVE = YES;
				CLANG_WARN_UNREACHABLE_CODE = YES;
				CLANG_WARN__DUPLICATE_METHOD_MATCH = YES;
				"CODE_SIGN_IDENTITY[sdk=iphoneos*]" = "iPhone Developer";
				COPY_PHASE_STRIP = NO;
				DEBUG_INFORMATION_FORMAT = dwarf;
				ENABLE_STRICT_OBJC_MSGSEND = YES;
				ENABLE_TESTABILITY = YES;
				GCC_C_LANGUAGE_STANDARD = gnu99;
				GCC_DYNAMIC_NO_PIC = NO;
				GCC_NO_COMMON_BLOCKS = YES;
				GCC_OPTIMIZATION_LEVEL = 0;
				GCC_PREPROCESSOR_DEFINITIONS = (
					"DEBUG=1",
					"$(inherited)",
				);
				GCC_WARN_64_TO_32_BIT_CONVERSION = YES;
				GCC_WARN_ABOUT_RETURN_TYPE = YES_ERROR;
				GCC_WARN_UNDECLARED_SELECTOR = YES;
				GCC_WARN_UNINITIALIZED_AUTOS = YES_AGGRESSIVE;
				GCC_WARN_UNUSED_FUNCTION = YES;
				GCC_WARN_UNUSED_VARIABLE = YES;
				IPHONEOS_DEPLOYMENT_TARGET = 10.2;
				MTL_ENABLE_DEBUG_INFO = YES;
				ONLY_ACTIVE_ARCH = YES;
				SDKROOT = iphoneos;
				SWIFT_ACTIVE_COMPILATION_CONDITIONS = DEBUG;
				SWIFT_OPTIMIZATION_LEVEL = "-Onone";
				TARGETED_DEVICE_FAMILY = "1,2";
			};
			name = Debug;
		};
		B6FD0A9D1E602A2900DAB8D2 /* Release */ = {
			isa = XCBuildConfiguration;
			buildSettings = {
				ALWAYS_SEARCH_USER_PATHS = NO;
				CLANG_ANALYZER_NONNULL = YES;
				CLANG_CXX_LANGUAGE_STANDARD = "gnu++0x";
				CLANG_CXX_LIBRARY = "libc++";
				CLANG_ENABLE_MODULES = YES;
				CLANG_ENABLE_OBJC_ARC = YES;
				CLANG_WARN_BOOL_CONVERSION = YES;
				CLANG_WARN_CONSTANT_CONVERSION = YES;
				CLANG_WARN_DIRECT_OBJC_ISA_USAGE = YES_ERROR;
				CLANG_WARN_DOCUMENTATION_COMMENTS = YES;
				CLANG_WARN_EMPTY_BODY = YES;
				CLANG_WARN_ENUM_CONVERSION = YES;
				CLANG_WARN_INFINITE_RECURSION = YES;
				CLANG_WARN_INT_CONVERSION = YES;
				CLANG_WARN_OBJC_ROOT_CLASS = YES_ERROR;
				CLANG_WARN_SUSPICIOUS_MOVE = YES;
				CLANG_WARN_UNREACHABLE_CODE = YES;
				CLANG_WARN__DUPLICATE_METHOD_MATCH = YES;
				"CODE_SIGN_IDENTITY[sdk=iphoneos*]" = "iPhone Developer";
				COPY_PHASE_STRIP = NO;
				DEBUG_INFORMATION_FORMAT = "dwarf-with-dsym";
				ENABLE_NS_ASSERTIONS = NO;
				ENABLE_STRICT_OBJC_MSGSEND = YES;
				GCC_C_LANGUAGE_STANDARD = gnu99;
				GCC_NO_COMMON_BLOCKS = YES;
				GCC_WARN_64_TO_32_BIT_CONVERSION = YES;
				GCC_WARN_ABOUT_RETURN_TYPE = YES_ERROR;
				GCC_WARN_UNDECLARED_SELECTOR = YES;
				GCC_WARN_UNINITIALIZED_AUTOS = YES_AGGRESSIVE;
				GCC_WARN_UNUSED_FUNCTION = YES;
				GCC_WARN_UNUSED_VARIABLE = YES;
				IPHONEOS_DEPLOYMENT_TARGET = 10.2;
				MTL_ENABLE_DEBUG_INFO = NO;
				SDKROOT = iphoneos;
				SWIFT_OPTIMIZATION_LEVEL = "-Owholemodule";
				TARGETED_DEVICE_FAMILY = "1,2";
				VALIDATE_PRODUCT = YES;
			};
			name = Release;
		};
		B6FD0A9F1E602A2900DAB8D2 /* Debug */ = {
			isa = XCBuildConfiguration;
			baseConfigurationReference = 59FE4789F76042082064AC62 /* Pods-weibo.debug.xcconfig */;
			buildSettings = {
				ASSETCATALOG_COMPILER_APPICON_NAME = AppIcon;
				DEVELOPMENT_TEAM = P9VHF7G578;
				INFOPLIST_FILE = weibo/Info.plist;
				IPHONEOS_DEPLOYMENT_TARGET = 8.0;
				LD_RUNPATH_SEARCH_PATHS = "$(inherited) @executable_path/Frameworks";
				PRODUCT_BUNDLE_IDENTIFIER = com.tema.weibo;
				PRODUCT_NAME = "$(TARGET_NAME)";
				SWIFT_VERSION = 3.0;
			};
			name = Debug;
		};
		B6FD0AA01E602A2900DAB8D2 /* Release */ = {
			isa = XCBuildConfiguration;
			baseConfigurationReference = 51326D7E9A88C9080CB5A23C /* Pods-weibo.release.xcconfig */;
			buildSettings = {
				ASSETCATALOG_COMPILER_APPICON_NAME = AppIcon;
				DEVELOPMENT_TEAM = P9VHF7G578;
				INFOPLIST_FILE = weibo/Info.plist;
				IPHONEOS_DEPLOYMENT_TARGET = 8.0;
				LD_RUNPATH_SEARCH_PATHS = "$(inherited) @executable_path/Frameworks";
				PRODUCT_BUNDLE_IDENTIFIER = com.tema.weibo;
				PRODUCT_NAME = "$(TARGET_NAME)";
				SWIFT_VERSION = 3.0;
			};
			name = Release;
		};
		B6FD0AA21E602A2900DAB8D2 /* Debug */ = {
			isa = XCBuildConfiguration;
			baseConfigurationReference = 186CEF89AD72A3E7B9A36239 /* Pods-weiboTests.debug.xcconfig */;
			buildSettings = {
				ALWAYS_EMBED_SWIFT_STANDARD_LIBRARIES = YES;
				BUNDLE_LOADER = "$(TEST_HOST)";
				DEVELOPMENT_TEAM = NSP28TH28W;
				INFOPLIST_FILE = weiboTests/Info.plist;
				LD_RUNPATH_SEARCH_PATHS = "$(inherited) @executable_path/Frameworks @loader_path/Frameworks";
				PRODUCT_BUNDLE_IDENTIFIER = com.tema..weiboTests;
				PRODUCT_NAME = "$(TARGET_NAME)";
				SWIFT_VERSION = 3.0;
				TEST_HOST = "$(BUILT_PRODUCTS_DIR)/weibo.app/weibo";
			};
			name = Debug;
		};
		B6FD0AA31E602A2900DAB8D2 /* Release */ = {
			isa = XCBuildConfiguration;
			baseConfigurationReference = 254F387D794557305F33F17F /* Pods-weiboTests.release.xcconfig */;
			buildSettings = {
				ALWAYS_EMBED_SWIFT_STANDARD_LIBRARIES = YES;
				BUNDLE_LOADER = "$(TEST_HOST)";
				DEVELOPMENT_TEAM = NSP28TH28W;
				INFOPLIST_FILE = weiboTests/Info.plist;
				LD_RUNPATH_SEARCH_PATHS = "$(inherited) @executable_path/Frameworks @loader_path/Frameworks";
				PRODUCT_BUNDLE_IDENTIFIER = com.tema..weiboTests;
				PRODUCT_NAME = "$(TARGET_NAME)";
				SWIFT_VERSION = 3.0;
				TEST_HOST = "$(BUILT_PRODUCTS_DIR)/weibo.app/weibo";
			};
			name = Release;
		};
		B6FD0AA51E602A2900DAB8D2 /* Debug */ = {
			isa = XCBuildConfiguration;
			baseConfigurationReference = B35BE8F42A932FD16ECB66F7 /* Pods-weiboUITests.debug.xcconfig */;
			buildSettings = {
				ALWAYS_EMBED_SWIFT_STANDARD_LIBRARIES = YES;
				DEVELOPMENT_TEAM = NSP28TH28W;
				INFOPLIST_FILE = weiboUITests/Info.plist;
				LD_RUNPATH_SEARCH_PATHS = "$(inherited) @executable_path/Frameworks @loader_path/Frameworks";
				PRODUCT_BUNDLE_IDENTIFIER = com.tema..weiboUITests;
				PRODUCT_NAME = "$(TARGET_NAME)";
				SWIFT_VERSION = 3.0;
				TEST_TARGET_NAME = weibo;
			};
			name = Debug;
		};
		B6FD0AA61E602A2900DAB8D2 /* Release */ = {
			isa = XCBuildConfiguration;
			baseConfigurationReference = A9BF9E2B0407A55DF6A7B5F6 /* Pods-weiboUITests.release.xcconfig */;
			buildSettings = {
				ALWAYS_EMBED_SWIFT_STANDARD_LIBRARIES = YES;
				DEVELOPMENT_TEAM = NSP28TH28W;
				INFOPLIST_FILE = weiboUITests/Info.plist;
				LD_RUNPATH_SEARCH_PATHS = "$(inherited) @executable_path/Frameworks @loader_path/Frameworks";
				PRODUCT_BUNDLE_IDENTIFIER = com.tema..weiboUITests;
				PRODUCT_NAME = "$(TARGET_NAME)";
				SWIFT_VERSION = 3.0;
				TEST_TARGET_NAME = weibo;
			};
			name = Release;
		};
/* End XCBuildConfiguration section */

/* Begin XCConfigurationList section */
		B6FD0A711E602A2900DAB8D2 /* Build configuration list for PBXProject "weibo" */ = {
			isa = XCConfigurationList;
			buildConfigurations = (
				B6FD0A9C1E602A2900DAB8D2 /* Debug */,
				B6FD0A9D1E602A2900DAB8D2 /* Release */,
			);
			defaultConfigurationIsVisible = 0;
			defaultConfigurationName = Release;
		};
		B6FD0A9E1E602A2900DAB8D2 /* Build configuration list for PBXNativeTarget "weibo" */ = {
			isa = XCConfigurationList;
			buildConfigurations = (
				B6FD0A9F1E602A2900DAB8D2 /* Debug */,
				B6FD0AA01E602A2900DAB8D2 /* Release */,
			);
			defaultConfigurationIsVisible = 0;
			defaultConfigurationName = Release;
		};
		B6FD0AA11E602A2900DAB8D2 /* Build configuration list for PBXNativeTarget "weiboTests" */ = {
			isa = XCConfigurationList;
			buildConfigurations = (
				B6FD0AA21E602A2900DAB8D2 /* Debug */,
				B6FD0AA31E602A2900DAB8D2 /* Release */,
			);
			defaultConfigurationIsVisible = 0;
			defaultConfigurationName = Release;
		};
		B6FD0AA41E602A2900DAB8D2 /* Build configuration list for PBXNativeTarget "weiboUITests" */ = {
			isa = XCConfigurationList;
			buildConfigurations = (
				B6FD0AA51E602A2900DAB8D2 /* Debug */,
				B6FD0AA61E602A2900DAB8D2 /* Release */,
			);
			defaultConfigurationIsVisible = 0;
			defaultConfigurationName = Release;
		};
/* End XCConfigurationList section */
	};
	rootObject = B6FD0A6E1E602A2900DAB8D2 /* Project object */;
}
